{
  "name": "@nexssp/language",
  "version": "1.1.19",
  "lockfileVersion": 2,
  "requires": true,
  "packages": {
    "": {
      "name": "@nexssp/language",
      "version": "1.1.19",
      "funding": [
        {
          "type": "paypal",
          "url": "https://www.paypal.com/paypalme/mapoart"
        },
        {
          "type": "github",
          "url": "https://github.com/nexssp/cli?sponsor=1"
        }
      ],
      "license": "MIT",
      "dependencies": {
        "@nexssp/ansi": "^1.1.1",
        "@nexssp/cache": "^2.0.4",
        "@nexssp/config": "^1.0.7",
        "@nexssp/const": "^1.0.13",
        "@nexssp/data": "^1.0.7",
        "@nexssp/ensure": "^1.1.20",
        "@nexssp/extend": "^2.0.4",
        "@nexssp/logdebug": "^1.0.18",
        "@nexssp/os": "^2.0.19",
        "@nexssp/plugin": "^1.0.5",
        "@nexssp/system": "^1.1.6",
        "cli-table3": "^0.6.0",
        "fast-glob": "^3.2.7",
        "minimist": "^1.2.5"
      },
      "bin": {
        "nexssp-language": "bin/nexssp-language.js"
      },
      "devDependencies": {
        "@nexssp/test": "^1.1.6"
      }
    },
    "node_modules/@nexssp/ansi": {
      "version": "1.1.2",
      "license": "MIT"
    },
    "node_modules/@nexssp/cache": {
      "version": "2.0.4",
      "funding": [
        {
          "type": "paypal",
          "url": "https://www.paypal.com/paypalme/mapoart"
        },
        {
          "type": "github",
          "url": "https://github.com/nexssp/cli?sponsor=1"
        }
      ],
      "license": "MIT",
      "dependencies": {
        "@nexssp/ansi": "^1.1.2",
        "@nexssp/extend": "^2.0.1",
        "@nexssp/logdebug": "^1.0.16",
        "fast-glob": "^3.2.5",
        "minimist": "^1.2.5",
        "ms": "^2.1.3"
      },
      "bin": {
        "nexssp-cache": "bin/nexssp-cache.js"
      }
    },
    "node_modules/@nexssp/config": {
      "version": "1.0.7",
      "funding": [
        {
          "type": "paypal",
          "url": "https://www.paypal.com/paypalme/mapoart"
        },
        {
          "type": "github",
          "url": "https://github.com/nexssp/cli?sponsor=1"
        }
      ],
      "license": "MIT",
      "dependencies": {
        "@nexssp/extend": "^2.0.1",
        "@nexssp/logdebug": "^1.0.15",
        "minimist": "^1.2.5"
      },
      "bin": {
        "nexssp-config": "bin/nexssp-config.js"
      }
    },
    "node_modules/@nexssp/const": {
      "version": "1.0.13",
      "funding": [
        {
          "type": "paypal",
          "url": "https://www.paypal.com/paypalme/mapoart"
        },
        {
          "type": "github",
          "url": "https://github.com/nexssp/cli?sponsor=1"
        }
      ],
      "license": "MIT",
      "dependencies": {
        "@nexssp/ansi": "^1.1.1",
        "@nexssp/stack": "^1.0.9"
      },
      "engines": {
        "node": ">=6.17.0"
      }
    },
    "node_modules/@nexssp/data": {
      "version": "1.0.7",
      "resolved": "https://registry.npmjs.org/@nexssp/data/-/data-1.0.7.tgz",
      "integrity": "sha512-LiZFOTDBduVLIqb8HfZH21XBr/G8kSkxiOPVqkef5b67tmX8m5RJ64BdMOC5faVXoxlfWBfI1VI8I2mTer1lsg==",
      "funding": [
        {
          "type": "paypal",
          "url": "https://www.paypal.com/paypalme/mapoart"
        },
        {
          "type": "github",
          "url": "https://github.com/nexssp/cli?sponsor=1"
        }
      ],
      "dependencies": {
        "@nexssp/logdebug": "^1.0.16"
      }
    },
    "node_modules/@nexssp/ensure": {
      "version": "1.1.20",
      "resolved": "https://registry.npmjs.org/@nexssp/ensure/-/ensure-1.1.20.tgz",
      "integrity": "sha512-Zkk59uBJAC/JdrnvfVZExNQQnbX8oozX2uL38iScj+IMVMj5h0RdP1R/yBxhvFoIW6z6SC1RVEZY0xg43x4JmQ==",
      "funding": [
        {
          "type": "paypal",
          "url": "https://www.paypal.com/paypalme/mapoart"
        },
        {
          "type": "github",
          "url": "https://github.com/nexssp/cli?sponsor=1"
        }
      ],
      "dependencies": {
        "@nexssp/ansi": "^1.1.2",
        "@nexssp/data": "^1.0.5",
        "@nexssp/logdebug": "^1.0.18",
        "@nexssp/os": "^2.0.18",
        "@nexssp/plugin": "^1.0.5",
        "minimist": "^1.2.5"
      },
      "bin": {
        "nexssp-ensure": "bin/nexssp-ensure.js"
      }
    },
    "node_modules/@nexssp/extend": {
      "version": "2.0.4",
      "resolved": "https://registry.npmjs.org/@nexssp/extend/-/extend-2.0.4.tgz",
      "integrity": "sha512-D7DYglsW+v8RLrMYRPr5NNedbJlioLMg3x1/YFeT0IdDvDQcp+PH8bLksRIHGEo7uPTVj95XAsyhGXfwO8irDA==",
      "funding": [
        {
          "type": "paypal",
          "url": "https://www.paypal.com/paypalme/mapoart"
        },
        {
          "type": "github",
          "url": "https://github.com/nexssp/cli?sponsor=1"
        }
      ],
      "dependencies": {
        "js-yaml": "^4.1.0"
      }
    },
    "node_modules/@nexssp/logdebug": {
      "version": "1.0.18",
      "license": "MIT",
      "dependencies": {
        "@nexssp/ansi": "^1.1.2",
        "@nexssp/extend": "^2.0.1"
      }
    },
    "node_modules/@nexssp/os": {
      "version": "2.0.19",
      "resolved": "https://registry.npmjs.org/@nexssp/os/-/os-2.0.19.tgz",
      "integrity": "sha512-nz+nMlYUBCmZ7pEaJXRdtxw8G07wA2GxjZMii3+lAzg/KKqcgyQJeQAWEEOScrdgQTbMghXcCJYCYybtQg3C8w==",
      "funding": [
        {
          "type": "paypal",
          "url": "https://www.paypal.com/paypalme/mapoart"
        },
        {
          "type": "github",
          "url": "https://github.com/nexssp/cli?sponsor=1"
        }
      ],
      "dependencies": {
        "@nexssp/ansi": "^1.1.2",
        "@nexssp/extend": "^2.0.1",
        "@nexssp/logdebug": "^1.0.16",
        "@nexssp/plugin": "^1.0.4",
        "@nexssp/system": "^1.1.4"
      },
      "bin": {
        "nexssp-os": "bin/nexssp-os.js"
      }
    },
    "node_modules/@nexssp/plugin": {
      "version": "1.0.5",
      "license": "MIT",
      "dependencies": {
        "@nexssp/extend": "^2.0.1",
        "@nexssp/logdebug": "^1.0.15",
        "fast-glob": "^3.2.5",
        "marked": "^2.0.3",
        "marked-terminal": "^4.1.1"
      }
    },
    "node_modules/@nexssp/stack": {
      "version": "1.0.9",
      "funding": [
        {
          "type": "paypal",
          "url": "https://www.paypal.com/paypalme/mapoart"
        },
        {
          "type": "github",
          "url": "https://github.com/nexssp/cli?sponsor=1"
        }
      ],
      "license": "MIT",
      "dependencies": {
        "@nexssp/ansi": "^1.0.7"
      },
      "engines": {
        "node": ">=6.17.0"
      }
    },
    "node_modules/@nexssp/system": {
      "version": "1.1.6",
      "funding": [
        {
          "type": "paypal",
          "url": "https://www.paypal.com/paypalme/mapoart"
        },
        {
          "type": "github",
          "url": "https://github.com/nexssp/cli?sponsor=1"
        }
      ],
      "license": "MIT",
      "dependencies": {
        "@nexssp/extend": "^2.0.3",
        "@nexssp/os": "^2.0.17",
        "string-argv": "^0.3.1"
      }
    },
    "node_modules/@nexssp/test": {
      "version": "1.1.6",
      "dev": true,
      "funding": [
        {
          "type": "paypal",
          "url": "https://www.paypal.com/paypalme/mapoart"
        },
        {
          "type": "github",
          "url": "https://github.com/nexssp/cli?sponsor=1"
        }
      ],
      "license": "MIT",
      "dependencies": {
        "@nexssp/ansi": "^1.1.2",
        "@nexssp/extend": "^2.0.1",
        "@nexssp/logdebug": "^1.0.16",
        "@nexssp/os": "^2.0.5",
        "@nexssp/system": "^1.1.3",
        "fast-glob": "^3.2.5",
        "minimist": "^1.2.5"
      },
      "bin": {
        "nexssp-test": "bin/nexssp-test.js"
      }
    },
    "node_modules/@nodelib/fs.scandir": {
      "version": "2.1.4",
      "license": "MIT",
      "dependencies": {
        "@nodelib/fs.stat": "2.0.4",
        "run-parallel": "^1.1.9"
      },
      "engines": {
        "node": ">= 8"
      }
    },
    "node_modules/@nodelib/fs.stat": {
      "version": "2.0.4",
      "license": "MIT",
      "engines": {
        "node": ">= 8"
      }
    },
    "node_modules/@nodelib/fs.walk": {
      "version": "1.2.6",
      "license": "MIT",
      "dependencies": {
        "@nodelib/fs.scandir": "2.1.4",
        "fastq": "^1.6.0"
      },
      "engines": {
        "node": ">= 8"
      }
    },
    "node_modules/ansi-escapes": {
      "version": "4.3.2",
      "license": "MIT",
      "dependencies": {
        "type-fest": "^0.21.3"
      },
      "engines": {
        "node": ">=8"
      },
      "funding": {
        "url": "https://github.com/sponsors/sindresorhus"
      }
    },
    "node_modules/ansi-regex": {
      "version": "5.0.1",
      "resolved": "https://registry.npmjs.org/ansi-regex/-/ansi-regex-5.0.1.tgz",
      "integrity": "sha512-quJQXlTSUGL2LH9SUXo8VwsY4soanhgo6LNSm84E1LBcE8s3O0wpdiRzyR9z/ZZJMlMWv37qOOb9pdJlMUEKFQ==",
      "engines": {
        "node": ">=8"
      }
    },
    "node_modules/ansi-styles": {
      "version": "4.3.0",
      "license": "MIT",
      "dependencies": {
        "color-convert": "^2.0.1"
      },
      "engines": {
        "node": ">=8"
      },
      "funding": {
        "url": "https://github.com/chalk/ansi-styles?sponsor=1"
      }
    },
    "node_modules/ansicolors": {
      "version": "0.3.2",
      "license": "MIT"
    },
    "node_modules/argparse": {
      "version": "2.0.1",
      "license": "Python-2.0"
    },
    "node_modules/braces": {
      "version": "3.0.2",
      "license": "MIT",
      "dependencies": {
        "fill-range": "^7.0.1"
      },
      "engines": {
        "node": ">=8"
      }
    },
    "node_modules/cardinal": {
      "version": "2.1.1",
      "license": "MIT",
      "dependencies": {
        "ansicolors": "~0.3.2",
        "redeyed": "~2.1.0"
      },
      "bin": {
        "cdl": "bin/cdl.js"
      }
    },
    "node_modules/chalk": {
      "version": "4.1.1",
      "license": "MIT",
      "dependencies": {
        "ansi-styles": "^4.1.0",
        "supports-color": "^7.1.0"
      },
      "engines": {
        "node": ">=10"
      },
      "funding": {
        "url": "https://github.com/chalk/chalk?sponsor=1"
      }
    },
    "node_modules/cli-table": {
      "version": "0.3.6",
      "dependencies": {
        "colors": "1.0.3"
      },
      "engines": {
        "node": ">= 0.2.0"
      }
    },
    "node_modules/cli-table3": {
      "version": "0.6.0",
      "license": "MIT",
      "dependencies": {
        "object-assign": "^4.1.0",
        "string-width": "^4.2.0"
      },
      "engines": {
        "node": "10.* || >= 12.*"
      },
      "optionalDependencies": {
        "colors": "^1.1.2"
      }
    },
    "node_modules/cli-table3/node_modules/colors": {
      "version": "1.4.0",
      "license": "MIT",
      "optional": true,
      "engines": {
        "node": ">=0.1.90"
      }
    },
    "node_modules/color-convert": {
      "version": "2.0.1",
      "license": "MIT",
      "dependencies": {
        "color-name": "~1.1.4"
      },
      "engines": {
        "node": ">=7.0.0"
      }
    },
    "node_modules/color-name": {
      "version": "1.1.4",
      "license": "MIT"
    },
    "node_modules/colors": {
      "version": "1.0.3",
      "license": "MIT",
      "engines": {
        "node": ">=0.1.90"
      }
    },
    "node_modules/emoji-regex": {
      "version": "8.0.0",
      "license": "MIT"
    },
    "node_modules/esprima": {
      "version": "4.0.1",
      "license": "BSD-2-Clause",
      "bin": {
        "esparse": "bin/esparse.js",
        "esvalidate": "bin/esvalidate.js"
      },
      "engines": {
        "node": ">=4"
      }
    },
    "node_modules/fast-glob": {
      "version": "3.2.7",
      "resolved": "https://registry.npmjs.org/fast-glob/-/fast-glob-3.2.7.tgz",
      "integrity": "sha512-rYGMRwip6lUMvYD3BTScMwT1HtAs2d71SMv66Vrxs0IekGZEjhM0pcMfjQPnknBt2zeCwQMEupiN02ZP4DiT1Q==",
      "dependencies": {
        "@nodelib/fs.stat": "^2.0.2",
        "@nodelib/fs.walk": "^1.2.3",
        "glob-parent": "^5.1.2",
        "merge2": "^1.3.0",
        "micromatch": "^4.0.4"
      },
      "engines": {
        "node": ">=8"
      }
    },
    "node_modules/fastq": {
      "version": "1.11.0",
      "license": "ISC",
      "dependencies": {
        "reusify": "^1.0.4"
      }
    },
    "node_modules/fill-range": {
      "version": "7.0.1",
      "license": "MIT",
      "dependencies": {
        "to-regex-range": "^5.0.1"
      },
      "engines": {
        "node": ">=8"
      }
    },
    "node_modules/glob-parent": {
      "version": "5.1.2",
      "license": "ISC",
      "dependencies": {
        "is-glob": "^4.0.1"
      },
      "engines": {
        "node": ">= 6"
      }
    },
    "node_modules/has-flag": {
      "version": "4.0.0",
      "license": "MIT",
      "engines": {
        "node": ">=8"
      }
    },
    "node_modules/is-extglob": {
      "version": "2.1.1",
      "license": "MIT",
      "engines": {
        "node": ">=0.10.0"
      }
    },
    "node_modules/is-fullwidth-code-point": {
      "version": "3.0.0",
      "license": "MIT",
      "engines": {
        "node": ">=8"
      }
    },
    "node_modules/is-glob": {
      "version": "4.0.1",
      "license": "MIT",
      "dependencies": {
        "is-extglob": "^2.1.1"
      },
      "engines": {
        "node": ">=0.10.0"
      }
    },
    "node_modules/is-number": {
      "version": "7.0.0",
      "license": "MIT",
      "engines": {
        "node": ">=0.12.0"
      }
    },
    "node_modules/js-yaml": {
      "version": "4.1.0",
      "license": "MIT",
      "dependencies": {
        "argparse": "^2.0.1"
      },
      "bin": {
        "js-yaml": "bin/js-yaml.js"
      }
    },
    "node_modules/lodash.toarray": {
      "version": "4.4.0",
      "license": "MIT"
    },
    "node_modules/marked": {
      "version": "2.0.5",
      "license": "MIT",
      "bin": {
        "marked": "bin/marked"
      },
      "engines": {
        "node": ">= 8.16.2"
      }
    },
    "node_modules/marked-terminal": {
      "version": "4.1.1",
      "license": "MIT",
      "dependencies": {
        "ansi-escapes": "^4.3.1",
        "cardinal": "^2.1.1",
        "chalk": "^4.1.0",
        "cli-table": "^0.3.1",
        "node-emoji": "^1.10.0",
        "supports-hyperlinks": "^2.1.0"
      },
      "peerDependencies": {
        "marked": "^1.0.0 || ^2.0.0"
      }
    },
    "node_modules/merge2": {
      "version": "1.4.1",
      "license": "MIT",
      "engines": {
        "node": ">= 8"
      }
    },
    "node_modules/micromatch": {
      "version": "4.0.4",
      "license": "MIT",
      "dependencies": {
        "braces": "^3.0.1",
        "picomatch": "^2.2.3"
      },
      "engines": {
        "node": ">=8.6"
      }
    },
    "node_modules/minimist": {
      "version": "1.2.5",
      "license": "MIT"
    },
    "node_modules/ms": {
      "version": "2.1.3",
      "license": "MIT"
    },
    "node_modules/node-emoji": {
      "version": "1.10.0",
      "license": "MIT",
      "dependencies": {
        "lodash.toarray": "^4.4.0"
      }
    },
    "node_modules/object-assign": {
      "version": "4.1.1",
      "license": "MIT",
      "engines": {
        "node": ">=0.10.0"
      }
    },
    "node_modules/picomatch": {
      "version": "2.3.0",
      "license": "MIT",
      "engines": {
        "node": ">=8.6"
      },
      "funding": {
        "url": "https://github.com/sponsors/jonschlinkert"
      }
    },
    "node_modules/queue-microtask": {
      "version": "1.2.3",
      "funding": [
        {
          "type": "github",
          "url": "https://github.com/sponsors/feross"
        },
        {
          "type": "patreon",
          "url": "https://www.patreon.com/feross"
        },
        {
          "type": "consulting",
          "url": "https://feross.org/support"
        }
      ],
      "license": "MIT"
    },
    "node_modules/redeyed": {
      "version": "2.1.1",
      "license": "MIT",
      "dependencies": {
        "esprima": "~4.0.0"
      }
    },
    "node_modules/reusify": {
      "version": "1.0.4",
      "license": "MIT",
      "engines": {
        "iojs": ">=1.0.0",
        "node": ">=0.10.0"
      }
    },
    "node_modules/run-parallel": {
      "version": "1.2.0",
      "funding": [
        {
          "type": "github",
          "url": "https://github.com/sponsors/feross"
        },
        {
          "type": "patreon",
          "url": "https://www.patreon.com/feross"
        },
        {
          "type": "consulting",
          "url": "https://feross.org/support"
        }
      ],
      "license": "MIT",
      "dependencies": {
        "queue-microtask": "^1.2.2"
      }
    },
    "node_modules/string-argv": {
      "version": "0.3.1",
      "license": "MIT",
      "engines": {
        "node": ">=0.6.19"
      }
    },
    "node_modules/string-width": {
      "version": "4.2.2",
      "license": "MIT",
      "dependencies": {
        "emoji-regex": "^8.0.0",
        "is-fullwidth-code-point": "^3.0.0",
        "strip-ansi": "^6.0.0"
      },
      "engines": {
        "node": ">=8"
      }
    },
    "node_modules/strip-ansi": {
      "version": "6.0.0",
      "license": "MIT",
      "dependencies": {
        "ansi-regex": "^5.0.0"
      },
      "engines": {
        "node": ">=8"
      }
    },
    "node_modules/supports-color": {
      "version": "7.2.0",
      "license": "MIT",
      "dependencies": {
        "has-flag": "^4.0.0"
      },
      "engines": {
        "node": ">=8"
      }
    },
    "node_modules/supports-hyperlinks": {
      "version": "2.2.0",
      "license": "MIT",
      "dependencies": {
        "has-flag": "^4.0.0",
        "supports-color": "^7.0.0"
      },
      "engines": {
        "node": ">=8"
      }
    },
    "node_modules/to-regex-range": {
      "version": "5.0.1",
      "license": "MIT",
      "dependencies": {
        "is-number": "^7.0.0"
      },
      "engines": {
        "node": ">=8.0"
      }
    },
    "node_modules/type-fest": {
      "version": "0.21.3",
      "license": "(MIT OR CC0-1.0)",
      "engines": {
        "node": ">=10"
      },
      "funding": {
        "url": "https://github.com/sponsors/sindresorhus"
      }
    }
  },
  "dependencies": {
    "@nexssp/ansi": {
      "version": "1.1.2"
    },
    "@nexssp/cache": {
      "version": "2.0.4",
      "requires": {
        "@nexssp/ansi": "^1.1.2",
        "@nexssp/extend": "^2.0.1",
        "@nexssp/logdebug": "^1.0.16",
        "fast-glob": "^3.2.5",
        "minimist": "^1.2.5",
        "ms": "^2.1.3"
      }
    },
    "@nexssp/config": {
      "version": "1.0.7",
      "requires": {
        "@nexssp/extend": "^2.0.1",
        "@nexssp/logdebug": "^1.0.15",
        "minimist": "^1.2.5"
      }
    },
    "@nexssp/const": {
      "version": "1.0.13",
      "requires": {
        "@nexssp/ansi": "^1.1.1",
        "@nexssp/stack": "^1.0.9"
      }
    },
    "@nexssp/data": {
      "version": "1.0.7",
      "resolved": "https://registry.npmjs.org/@nexssp/data/-/data-1.0.7.tgz",
      "integrity": "sha512-LiZFOTDBduVLIqb8HfZH21XBr/G8kSkxiOPVqkef5b67tmX8m5RJ64BdMOC5faVXoxlfWBfI1VI8I2mTer1lsg==",
      "requires": {
        "@nexssp/logdebug": "^1.0.16"
      }
    },
    "@nexssp/ensure": {
      "version": "1.1.20",
      "resolved": "https://registry.npmjs.org/@nexssp/ensure/-/ensure-1.1.20.tgz",
      "integrity": "sha512-Zkk59uBJAC/JdrnvfVZExNQQnbX8oozX2uL38iScj+IMVMj5h0RdP1R/yBxhvFoIW6z6SC1RVEZY0xg43x4JmQ==",
      "requires": {
        "@nexssp/ansi": "^1.1.2",
        "@nexssp/data": "^1.0.5",
        "@nexssp/logdebug": "^1.0.18",
        "@nexssp/os": "^2.0.18",
        "@nexssp/plugin": "^1.0.5",
        "minimist": "^1.2.5"
      }
    },
    "@nexssp/extend": {
      "version": "2.0.4",
      "resolved": "https://registry.npmjs.org/@nexssp/extend/-/extend-2.0.4.tgz",
      "integrity": "sha512-D7DYglsW+v8RLrMYRPr5NNedbJlioLMg3x1/YFeT0IdDvDQcp+PH8bLksRIHGEo7uPTVj95XAsyhGXfwO8irDA==",
      "requires": {
        "js-yaml": "^4.1.0"
      }
    },
    "@nexssp/logdebug": {
      "version": "1.0.18",
      "requires": {
        "@nexssp/ansi": "^1.1.2",
        "@nexssp/extend": "^2.0.1"
      }
    },
    "@nexssp/os": {
      "version": "2.0.19",
      "resolved": "https://registry.npmjs.org/@nexssp/os/-/os-2.0.19.tgz",
      "integrity": "sha512-nz+nMlYUBCmZ7pEaJXRdtxw8G07wA2GxjZMii3+lAzg/KKqcgyQJeQAWEEOScrdgQTbMghXcCJYCYybtQg3C8w==",
      "requires": {
        "@nexssp/ansi": "^1.1.2",
        "@nexssp/extend": "^2.0.1",
        "@nexssp/logdebug": "^1.0.16",
        "@nexssp/plugin": "^1.0.4",
        "@nexssp/system": "^1.1.4"
      }
    },
    "@nexssp/plugin": {
      "version": "1.0.5",
      "requires": {
        "@nexssp/extend": "^2.0.1",
        "@nexssp/logdebug": "^1.0.15",
        "fast-glob": "^3.2.5",
        "marked": "^2.0.3",
        "marked-terminal": "^4.1.1"
      }
    },
    "@nexssp/stack": {
      "version": "1.0.9",
      "requires": {
        "@nexssp/ansi": "^1.0.7"
      }
    },
    "@nexssp/system": {
      "version": "1.1.6",
      "requires": {
        "@nexssp/extend": "^2.0.3",
        "@nexssp/os": "^2.0.17",
        "string-argv": "^0.3.1"
      }
    },
    "@nexssp/test": {
      "version": "1.1.6",
      "dev": true,
      "requires": {
        "@nexssp/ansi": "^1.1.2",
        "@nexssp/extend": "^2.0.1",
        "@nexssp/logdebug": "^1.0.16",
        "@nexssp/os": "^2.0.5",
        "@nexssp/system": "^1.1.3",
        "fast-glob": "^3.2.5",
        "minimist": "^1.2.5"
      }
    },
    "@nodelib/fs.scandir": {
      "version": "2.1.4",
      "requires": {
        "@nodelib/fs.stat": "2.0.4",
        "run-parallel": "^1.1.9"
      }
    },
    "@nodelib/fs.stat": {
      "version": "2.0.4"
    },
    "@nodelib/fs.walk": {
      "version": "1.2.6",
      "requires": {
        "@nodelib/fs.scandir": "2.1.4",
        "fastq": "^1.6.0"
      }
    },
    "ansi-escapes": {
      "version": "4.3.2",
      "requires": {
        "type-fest": "^0.21.3"
      }
    },
    "ansi-regex": {
      "version": "5.0.1",
      "resolved": "https://registry.npmjs.org/ansi-regex/-/ansi-regex-5.0.1.tgz",
      "integrity": "sha512-quJQXlTSUGL2LH9SUXo8VwsY4soanhgo6LNSm84E1LBcE8s3O0wpdiRzyR9z/ZZJMlMWv37qOOb9pdJlMUEKFQ=="
    },
    "ansi-styles": {
      "version": "4.3.0",
      "requires": {
        "color-convert": "^2.0.1"
      }
    },
    "ansicolors": {
      "version": "0.3.2"
    },
    "argparse": {
      "version": "2.0.1"
    },
    "braces": {
      "version": "3.0.2",
      "requires": {
        "fill-range": "^7.0.1"
      }
    },
    "cardinal": {
      "version": "2.1.1",
      "requires": {
        "ansicolors": "~0.3.2",
        "redeyed": "~2.1.0"
      }
    },
    "chalk": {
      "version": "4.1.1",
      "requires": {
        "ansi-styles": "^4.1.0",
        "supports-color": "^7.1.0"
      }
    },
    "cli-table": {
      "version": "0.3.6",
      "requires": {
        "colors": "1.0.3"
      }
    },
    "cli-table3": {
      "version": "0.6.0",
      "requires": {
        "colors": "^1.1.2",
        "object-assign": "^4.1.0",
        "string-width": "^4.2.0"
      },
      "dependencies": {
        "colors": {
          "version": "1.4.0",
          "optional": true
        }
      }
    },
    "color-convert": {
      "version": "2.0.1",
      "requires": {
        "color-name": "~1.1.4"
      }
    },
    "color-name": {
      "version": "1.1.4"
    },
    "colors": {
      "version": "1.0.3"
    },
    "emoji-regex": {
      "version": "8.0.0"
    },
    "esprima": {
      "version": "4.0.1"
    },
    "fast-glob": {
      "version": "3.2.7",
      "resolved": "https://registry.npmjs.org/fast-glob/-/fast-glob-3.2.7.tgz",
      "integrity": "sha512-rYGMRwip6lUMvYD3BTScMwT1HtAs2d71SMv66Vrxs0IekGZEjhM0pcMfjQPnknBt2zeCwQMEupiN02ZP4DiT1Q==",
      "requires": {
        "@nodelib/fs.stat": "^2.0.2",
        "@nodelib/fs.walk": "^1.2.3",
        "glob-parent": "^5.1.2",
        "merge2": "^1.3.0",
        "micromatch": "^4.0.4"
      }
    },
    "fastq": {
      "version": "1.11.0",
      "requires": {
        "reusify": "^1.0.4"
      }
    },
    "fill-range": {
      "version": "7.0.1",
      "requires": {
        "to-regex-range": "^5.0.1"
      }
    },
    "glob-parent": {
      "version": "5.1.2",
      "requires": {
        "is-glob": "^4.0.1"
      }
    },
    "has-flag": {
      "version": "4.0.0"
    },
    "is-extglob": {
      "version": "2.1.1"
    },
    "is-fullwidth-code-point": {
      "version": "3.0.0"
    },
    "is-glob": {
      "version": "4.0.1",
      "requires": {
        "is-extglob": "^2.1.1"
      }
    },
    "is-number": {
      "version": "7.0.0"
    },
    "js-yaml": {
      "version": "4.1.0",
      "requires": {
        "argparse": "^2.0.1"
      }
    },
    "lodash.toarray": {
      "version": "4.4.0"
    },
    "marked": {
      "version": "2.0.5"
    },
    "marked-terminal": {
      "version": "4.1.1",
      "requires": {
        "ansi-escapes": "^4.3.1",
        "cardinal": "^2.1.1",
        "chalk": "^4.1.0",
        "cli-table": "^0.3.1",
        "node-emoji": "^1.10.0",
        "supports-hyperlinks": "^2.1.0"
      }
    },
    "merge2": {
      "version": "1.4.1"
    },
    "micromatch": {
      "version": "4.0.4",
      "requires": {
        "braces": "^3.0.1",
        "picomatch": "^2.2.3"
      }
    },
    "minimist": {
      "version": "1.2.5"
    },
    "ms": {
      "version": "2.1.3"
    },
    "node-emoji": {
      "version": "1.10.0",
      "requires": {
        "lodash.toarray": "^4.4.0"
      }
    },
    "object-assign": {
      "version": "4.1.1"
    },
    "picomatch": {
      "version": "2.3.0"
    },
    "queue-microtask": {
      "version": "1.2.3"
    },
    "redeyed": {
      "version": "2.1.1",
      "requires": {
        "esprima": "~4.0.0"
      }
    },
    "reusify": {
      "version": "1.0.4"
    },
    "run-parallel": {
      "version": "1.2.0",
      "requires": {
        "queue-microtask": "^1.2.2"
      }
    },
    "string-argv": {
      "version": "0.3.1"
    },
    "string-width": {
      "version": "4.2.2",
      "requires": {
        "emoji-regex": "^8.0.0",
        "is-fullwidth-code-point": "^3.0.0",
        "strip-ansi": "^6.0.0"
      }
    },
    "strip-ansi": {
      "version": "6.0.0",
      "requires": {
        "ansi-regex": "^5.0.0"
      }
    },
    "supports-color": {
      "version": "7.2.0",
      "requires": {
        "has-flag": "^4.0.0"
      }
    },
    "supports-hyperlinks": {
      "version": "2.2.0",
      "requires": {
        "has-flag": "^4.0.0",
        "supports-color": "^7.0.0"
      }
    },
    "to-regex-range": {
      "version": "5.0.1",
      "requires": {
        "is-number": "^7.0.0"
      }
    },
    "type-fest": {
      "version": "0.21.3"
    }
  }
}
